// !$*UTF8*$!
{
	archiveVersion = 1;
	classes = {
	};
	objectVersion = 46;
	objects = {

/* Begin PBXBuildFile section */
		0DEB8F15C19D2FD4FCFD7E88 /* Pods_SkillupPractice8Tests.framework in Frameworks */ = {isa = PBXBuildFile; fileRef = 52BA3D7287A6BC30EFFBC4C6 /* Pods_SkillupPractice8Tests.framework */; };
		241EE10A82D342AA0219124E /* Pods_SkillupPractice8UITests.framework in Frameworks */ = {isa = PBXBuildFile; fileRef = 9DD96F414F6B5BC3B757C990 /* Pods_SkillupPractice8UITests.framework */; };
		437235888680993541CF6D2B /* Pods_SkillupPractice8.framework in Frameworks */ = {isa = PBXBuildFile; fileRef = 1F8D8D7AF602140BC7A684E0 /* Pods_SkillupPractice8.framework */; };
		9FF921BA1F2255C1003AC29D /* Assets.xcassets in Resources */ = {isa = PBXBuildFile; fileRef = 9FF921B91F2255C1003AC29D /* Assets.xcassets */; };
		9FF921BD1F2255C1003AC29D /* LaunchScreen.storyboard in Resources */ = {isa = PBXBuildFile; fileRef = 9FF921BB1F2255C1003AC29D /* LaunchScreen.storyboard */; };
		9FF921C81F2255C1003AC29D /* SkillupPractice8Tests.swift in Sources */ = {isa = PBXBuildFile; fileRef = 9FF921C71F2255C1003AC29D /* SkillupPractice8Tests.swift */; };
		9FF921D31F2255C1003AC29D /* SkillupPractice8UITests.swift in Sources */ = {isa = PBXBuildFile; fileRef = 9FF921D21F2255C1003AC29D /* SkillupPractice8UITests.swift */; };
		9FF921E81F22A916003AC29D /* MessageList.storyboard in Resources */ = {isa = PBXBuildFile; fileRef = 9FF921E11F22A916003AC29D /* MessageList.storyboard */; };
		9FF921E91F22A916003AC29D /* MessageListViewController.swift in Sources */ = {isa = PBXBuildFile; fileRef = 9FF921E21F22A916003AC29D /* MessageListViewController.swift */; };
		9FF921EA1F22A916003AC29D /* AppDelegate.swift in Sources */ = {isa = PBXBuildFile; fileRef = 9FF921E51F22A916003AC29D /* AppDelegate.swift */; };
		9FF921EF1F22AA2D003AC29D /* MessageData.swift in Sources */ = {isa = PBXBuildFile; fileRef = 9FF921EE1F22AA2D003AC29D /* MessageData.swift */; };
		9FF921F11F22AA38003AC29D /* MessageDAO.swift in Sources */ = {isa = PBXBuildFile; fileRef = 9FF921F01F22AA38003AC29D /* MessageDAO.swift */; };
		9FF921F41F22AA85003AC29D /* RealmDaoHelper.swift in Sources */ = {isa = PBXBuildFile; fileRef = 9FF921F31F22AA85003AC29D /* RealmDaoHelper.swift */; };
		9FF921F61F22C6A6003AC29D /* MessageListViewCell.swift in Sources */ = {isa = PBXBuildFile; fileRef = 9FF921F51F22C6A6003AC29D /* MessageListViewCell.swift */; };
		9FF921F81F22C6C4003AC29D /* MessageListDataSource.swift in Sources */ = {isa = PBXBuildFile; fileRef = 9FF921F71F22C6C4003AC29D /* MessageListDataSource.swift */; };
		9FF921FA1F22C950003AC29D /* MessageSectionData.swift in Sources */ = {isa = PBXBuildFile; fileRef = 9FF921F91F22C950003AC29D /* MessageSectionData.swift */; };
		9FF922001F22E0AC003AC29D /* MessageDataDAOTest.swift in Sources */ = {isa = PBXBuildFile; fileRef = 9FF921FC1F22E0AC003AC29D /* MessageDataDAOTest.swift */; };
		9FF922011F22E0AC003AC29D /* MessageDataTest.swift in Sources */ = {isa = PBXBuildFile; fileRef = 9FF921FD1F22E0AC003AC29D /* MessageDataTest.swift */; };
/* End PBXBuildFile section */

/* Begin PBXContainerItemProxy section */
		9FF921C41F2255C1003AC29D /* PBXContainerItemProxy */ = {
			isa = PBXContainerItemProxy;
			containerPortal = 9FF921A71F2255C0003AC29D /* Project object */;
			proxyType = 1;
			remoteGlobalIDString = 9FF921AE1F2255C0003AC29D;
			remoteInfo = SkillupPractice8;
		};
		9FF921CF1F2255C1003AC29D /* PBXContainerItemProxy */ = {
			isa = PBXContainerItemProxy;
			containerPortal = 9FF921A71F2255C0003AC29D /* Project object */;
			proxyType = 1;
			remoteGlobalIDString = 9FF921AE1F2255C0003AC29D;
			remoteInfo = SkillupPractice8;
		};
/* End PBXContainerItemProxy section */

/* Begin PBXFileReference section */
		1F8D8D7AF602140BC7A684E0 /* Pods_SkillupPractice8.framework */ = {isa = PBXFileReference; explicitFileType = wrapper.framework; includeInIndex = 0; path = Pods_SkillupPractice8.framework; sourceTree = BUILT_PRODUCTS_DIR; };
		52BA3D7287A6BC30EFFBC4C6 /* Pods_SkillupPractice8Tests.framework */ = {isa = PBXFileReference; explicitFileType = wrapper.framework; includeInIndex = 0; path = Pods_SkillupPractice8Tests.framework; sourceTree = BUILT_PRODUCTS_DIR; };
		5D1DDF7129A17CB59CA1EA5F /* Pods-SkillupPractice8.release.xcconfig */ = {isa = PBXFileReference; includeInIndex = 1; lastKnownFileType = text.xcconfig; name = "Pods-SkillupPractice8.release.xcconfig"; path = "Pods/Target Support Files/Pods-SkillupPractice8/Pods-SkillupPractice8.release.xcconfig"; sourceTree = "<group>"; };
		8705D4FAB825F62CD11A4706 /* Pods-SkillupPractice8UITests.debug.xcconfig */ = {isa = PBXFileReference; includeInIndex = 1; lastKnownFileType = text.xcconfig; name = "Pods-SkillupPractice8UITests.debug.xcconfig"; path = "Pods/Target Support Files/Pods-SkillupPractice8UITests/Pods-SkillupPractice8UITests.debug.xcconfig"; sourceTree = "<group>"; };
		9DD96F414F6B5BC3B757C990 /* Pods_SkillupPractice8UITests.framework */ = {isa = PBXFileReference; explicitFileType = wrapper.framework; includeInIndex = 0; path = Pods_SkillupPractice8UITests.framework; sourceTree = BUILT_PRODUCTS_DIR; };
		9FF921AF1F2255C1003AC29D /* SkillupPractice8.app */ = {isa = PBXFileReference; explicitFileType = wrapper.application; includeInIndex = 0; path = SkillupPractice8.app; sourceTree = BUILT_PRODUCTS_DIR; };
		9FF921B91F2255C1003AC29D /* Assets.xcassets */ = {isa = PBXFileReference; lastKnownFileType = folder.assetcatalog; path = Assets.xcassets; sourceTree = "<group>"; };
		9FF921BC1F2255C1003AC29D /* Base */ = {isa = PBXFileReference; lastKnownFileType = file.storyboard; name = Base; path = Base.lproj/LaunchScreen.storyboard; sourceTree = "<group>"; };
		9FF921C31F2255C1003AC29D /* SkillupPractice8Tests.xctest */ = {isa = PBXFileReference; explicitFileType = wrapper.cfbundle; includeInIndex = 0; path = SkillupPractice8Tests.xctest; sourceTree = BUILT_PRODUCTS_DIR; };
		9FF921C71F2255C1003AC29D /* SkillupPractice8Tests.swift */ = {isa = PBXFileReference; lastKnownFileType = sourcecode.swift; path = SkillupPractice8Tests.swift; sourceTree = "<group>"; };
		9FF921C91F2255C1003AC29D /* Info.plist */ = {isa = PBXFileReference; lastKnownFileType = text.plist.xml; path = Info.plist; sourceTree = "<group>"; };
		9FF921CE1F2255C1003AC29D /* SkillupPractice8UITests.xctest */ = {isa = PBXFileReference; explicitFileType = wrapper.cfbundle; includeInIndex = 0; path = SkillupPractice8UITests.xctest; sourceTree = BUILT_PRODUCTS_DIR; };
		9FF921D21F2255C1003AC29D /* SkillupPractice8UITests.swift */ = {isa = PBXFileReference; lastKnownFileType = sourcecode.swift; path = SkillupPractice8UITests.swift; sourceTree = "<group>"; };
		9FF921D41F2255C1003AC29D /* Info.plist */ = {isa = PBXFileReference; lastKnownFileType = text.plist.xml; path = Info.plist; sourceTree = "<group>"; };
		9FF921E11F22A916003AC29D /* MessageList.storyboard */ = {isa = PBXFileReference; fileEncoding = 4; lastKnownFileType = file.storyboard; path = MessageList.storyboard; sourceTree = "<group>"; };
		9FF921E21F22A916003AC29D /* MessageListViewController.swift */ = {isa = PBXFileReference; fileEncoding = 4; lastKnownFileType = sourcecode.swift; path = MessageListViewController.swift; sourceTree = "<group>"; };
		9FF921E51F22A916003AC29D /* AppDelegate.swift */ = {isa = PBXFileReference; fileEncoding = 4; lastKnownFileType = sourcecode.swift; path = AppDelegate.swift; sourceTree = "<group>"; };
		9FF921EC1F22A9C3003AC29D /* Info.plist */ = {isa = PBXFileReference; fileEncoding = 4; lastKnownFileType = text.plist.xml; path = Info.plist; sourceTree = "<group>"; };
		9FF921EE1F22AA2D003AC29D /* MessageData.swift */ = {isa = PBXFileReference; fileEncoding = 4; lastKnownFileType = sourcecode.swift; path = MessageData.swift; sourceTree = "<group>"; };
		9FF921F01F22AA38003AC29D /* MessageDAO.swift */ = {isa = PBXFileReference; fileEncoding = 4; lastKnownFileType = sourcecode.swift; path = MessageDAO.swift; sourceTree = "<group>"; };
		9FF921F31F22AA85003AC29D /* RealmDaoHelper.swift */ = {isa = PBXFileReference; fileEncoding = 4; lastKnownFileType = sourcecode.swift; path = RealmDaoHelper.swift; sourceTree = "<group>"; };
		9FF921F51F22C6A6003AC29D /* MessageListViewCell.swift */ = {isa = PBXFileReference; fileEncoding = 4; lastKnownFileType = sourcecode.swift; path = MessageListViewCell.swift; sourceTree = "<group>"; };
		9FF921F71F22C6C4003AC29D /* MessageListDataSource.swift */ = {isa = PBXFileReference; fileEncoding = 4; lastKnownFileType = sourcecode.swift; path = MessageListDataSource.swift; sourceTree = "<group>"; };
		9FF921F91F22C950003AC29D /* MessageSectionData.swift */ = {isa = PBXFileReference; fileEncoding = 4; lastKnownFileType = sourcecode.swift; path = MessageSectionData.swift; sourceTree = "<group>"; };
		9FF921FC1F22E0AC003AC29D /* MessageDataDAOTest.swift */ = {isa = PBXFileReference; fileEncoding = 4; lastKnownFileType = sourcecode.swift; path = MessageDataDAOTest.swift; sourceTree = "<group>"; };
		9FF921FD1F22E0AC003AC29D /* MessageDataTest.swift */ = {isa = PBXFileReference; fileEncoding = 4; lastKnownFileType = sourcecode.swift; path = MessageDataTest.swift; sourceTree = "<group>"; };
		AC12E82BE11F92F08056C2E3 /* Pods-SkillupPractice8Tests.debug.xcconfig */ = {isa = PBXFileReference; includeInIndex = 1; lastKnownFileType = text.xcconfig; name = "Pods-SkillupPractice8Tests.debug.xcconfig"; path = "Pods/Target Support Files/Pods-SkillupPractice8Tests/Pods-SkillupPractice8Tests.debug.xcconfig"; sourceTree = "<group>"; };
		C91781529C18BE5FB04FB4E0 /* Pods-SkillupPractice8UITests.release.xcconfig */ = {isa = PBXFileReference; includeInIndex = 1; lastKnownFileType = text.xcconfig; name = "Pods-SkillupPractice8UITests.release.xcconfig"; path = "Pods/Target Support Files/Pods-SkillupPractice8UITests/Pods-SkillupPractice8UITests.release.xcconfig"; sourceTree = "<group>"; };
		D2DA5E40E36633F85E0F1122 /* Pods-SkillupPractice8Tests.release.xcconfig */ = {isa = PBXFileReference; includeInIndex = 1; lastKnownFileType = text.xcconfig; name = "Pods-SkillupPractice8Tests.release.xcconfig"; path = "Pods/Target Support Files/Pods-SkillupPractice8Tests/Pods-SkillupPractice8Tests.release.xcconfig"; sourceTree = "<group>"; };
		E7AD122A326EB02F65BA9AFF /* Pods-SkillupPractice8.debug.xcconfig */ = {isa = PBXFileReference; includeInIndex = 1; lastKnownFileType = text.xcconfig; name = "Pods-SkillupPractice8.debug.xcconfig"; path = "Pods/Target Support Files/Pods-SkillupPractice8/Pods-SkillupPractice8.debug.xcconfig"; sourceTree = "<group>"; };
/* End PBXFileReference section */

/* Begin PBXFrameworksBuildPhase section */
		9FF921AC1F2255C0003AC29D /* Frameworks */ = {
			isa = PBXFrameworksBuildPhase;
			buildActionMask = 2147483647;
			files = (
				437235888680993541CF6D2B /* Pods_SkillupPractice8.framework in Frameworks */,
			);
			runOnlyForDeploymentPostprocessing = 0;
		};
		9FF921C01F2255C1003AC29D /* Frameworks */ = {
			isa = PBXFrameworksBuildPhase;
			buildActionMask = 2147483647;
			files = (
				0DEB8F15C19D2FD4FCFD7E88 /* Pods_SkillupPractice8Tests.framework in Frameworks */,
			);
			runOnlyForDeploymentPostprocessing = 0;
		};
		9FF921CB1F2255C1003AC29D /* Frameworks */ = {
			isa = PBXFrameworksBuildPhase;
			buildActionMask = 2147483647;
			files = (
				241EE10A82D342AA0219124E /* Pods_SkillupPractice8UITests.framework in Frameworks */,
			);
			runOnlyForDeploymentPostprocessing = 0;
		};
/* End PBXFrameworksBuildPhase section */

/* Begin PBXGroup section */
		27E8400145F7CF3C8F0A21C6 /* Frameworks */ = {
			isa = PBXGroup;
			children = (
				1F8D8D7AF602140BC7A684E0 /* Pods_SkillupPractice8.framework */,
				52BA3D7287A6BC30EFFBC4C6 /* Pods_SkillupPractice8Tests.framework */,
				9DD96F414F6B5BC3B757C990 /* Pods_SkillupPractice8UITests.framework */,
			);
			name = Frameworks;
			sourceTree = "<group>";
		};
		7BDE22ED10F0922E8FBF951B /* Pods */ = {
			isa = PBXGroup;
			children = (
				E7AD122A326EB02F65BA9AFF /* Pods-SkillupPractice8.debug.xcconfig */,
				5D1DDF7129A17CB59CA1EA5F /* Pods-SkillupPractice8.release.xcconfig */,
				AC12E82BE11F92F08056C2E3 /* Pods-SkillupPractice8Tests.debug.xcconfig */,
				D2DA5E40E36633F85E0F1122 /* Pods-SkillupPractice8Tests.release.xcconfig */,
				8705D4FAB825F62CD11A4706 /* Pods-SkillupPractice8UITests.debug.xcconfig */,
				C91781529C18BE5FB04FB4E0 /* Pods-SkillupPractice8UITests.release.xcconfig */,
			);
			name = Pods;
			sourceTree = "<group>";
		};
		9FF921A61F2255C0003AC29D = {
			isa = PBXGroup;
			children = (
				9FF921B11F2255C1003AC29D /* SkillupPractice8 */,
				9FF921C61F2255C1003AC29D /* SkillupPractice8Tests */,
				9FF921D11F2255C1003AC29D /* SkillupPractice8UITests */,
				9FF921B01F2255C1003AC29D /* Products */,
				7BDE22ED10F0922E8FBF951B /* Pods */,
				27E8400145F7CF3C8F0A21C6 /* Frameworks */,
			);
			sourceTree = "<group>";
		};
		9FF921B01F2255C1003AC29D /* Products */ = {
			isa = PBXGroup;
			children = (
				9FF921AF1F2255C1003AC29D /* SkillupPractice8.app */,
				9FF921C31F2255C1003AC29D /* SkillupPractice8Tests.xctest */,
				9FF921CE1F2255C1003AC29D /* SkillupPractice8UITests.xctest */,
			);
			name = Products;
			sourceTree = "<group>";
		};
		9FF921B11F2255C1003AC29D /* SkillupPractice8 */ = {
			isa = PBXGroup;
			children = (
				9FF921E01F22A916003AC29D /* Controller */,
				9FF921F21F22AA57003AC29D /* Helper */,
				9FF921E31F22A916003AC29D /* Model */,
				9FF921E41F22A916003AC29D /* Other */,
				9FF921E71F22A916003AC29D /* View */,
				9FF921B91F2255C1003AC29D /* Assets.xcassets */,
				9FF921EC1F22A9C3003AC29D /* Info.plist */,
				9FF921BB1F2255C1003AC29D /* LaunchScreen.storyboard */,
			);
			path = SkillupPractice8;
			sourceTree = "<group>";
		};
		9FF921C61F2255C1003AC29D /* SkillupPractice8Tests */ = {
			isa = PBXGroup;
			children = (
				9FF921FB1F22E0AC003AC29D /* Model */,
				9FF921C71F2255C1003AC29D /* SkillupPractice8Tests.swift */,
				9FF921C91F2255C1003AC29D /* Info.plist */,
			);
			path = SkillupPractice8Tests;
			sourceTree = "<group>";
		};
		9FF921D11F2255C1003AC29D /* SkillupPractice8UITests */ = {
			isa = PBXGroup;
			children = (
				9FF921D21F2255C1003AC29D /* SkillupPractice8UITests.swift */,
				9FF921D41F2255C1003AC29D /* Info.plist */,
			);
			path = SkillupPractice8UITests;
			sourceTree = "<group>";
		};
		9FF921E01F22A916003AC29D /* Controller */ = {
			isa = PBXGroup;
			children = (
				9FF921E11F22A916003AC29D /* MessageList.storyboard */,
				9FF921E21F22A916003AC29D /* MessageListViewController.swift */,
			);
			path = Controller;
			sourceTree = "<group>";
		};
		9FF921E31F22A916003AC29D /* Model */ = {
			isa = PBXGroup;
			children = (
				9FF921EE1F22AA2D003AC29D /* MessageData.swift */,
				9FF921F01F22AA38003AC29D /* MessageDAO.swift */,
				9FF921F91F22C950003AC29D /* MessageSectionData.swift */,
			);
			path = Model;
			sourceTree = "<group>";
		};
		9FF921E41F22A916003AC29D /* Other */ = {
			isa = PBXGroup;
			children = (
				9FF921E51F22A916003AC29D /* AppDelegate.swift */,
			);
			path = Other;
			sourceTree = "<group>";
		};
		9FF921E71F22A916003AC29D /* View */ = {
			isa = PBXGroup;
			children = (
				9FF921F51F22C6A6003AC29D /* MessageListViewCell.swift */,
				9FF921F71F22C6C4003AC29D /* MessageListDataSource.swift */,
			);
			path = View;
			sourceTree = "<group>";
		};
		9FF921F21F22AA57003AC29D /* Helper */ = {
			isa = PBXGroup;
			children = (
				9FF921F31F22AA85003AC29D /* RealmDaoHelper.swift */,
			);
			path = Helper;
			sourceTree = "<group>";
		};
		9FF921FB1F22E0AC003AC29D /* Model */ = {
			isa = PBXGroup;
			children = (
				9FF921FC1F22E0AC003AC29D /* MessageDataDAOTest.swift */,
				9FF921FD1F22E0AC003AC29D /* MessageDataTest.swift */,
			);
			path = Model;
			sourceTree = "<group>";
		};
/* End PBXGroup section */

/* Begin PBXNativeTarget section */
		9FF921AE1F2255C0003AC29D /* SkillupPractice8 */ = {
			isa = PBXNativeTarget;
			buildConfigurationList = 9FF921D71F2255C1003AC29D /* Build configuration list for PBXNativeTarget "SkillupPractice8" */;
			buildPhases = (
				6C9C8A98A877365CDF652E03 /* [CP] Check Pods Manifest.lock */,
				9FF921AB1F2255C0003AC29D /* Sources */,
				9FF921AC1F2255C0003AC29D /* Frameworks */,
				9FF921AD1F2255C0003AC29D /* Resources */,
				0FF98EB761766F5849D9A7F4 /* [CP] Embed Pods Frameworks */,
				B3434E81BC4D38C93AFC7C69 /* [CP] Copy Pods Resources */,
			);
			buildRules = (
			);
			dependencies = (
			);
			name = SkillupPractice8;
			productName = SkillupPractice8;
			productReference = 9FF921AF1F2255C1003AC29D /* SkillupPractice8.app */;
			productType = "com.apple.product-type.application";
		};
		9FF921C21F2255C1003AC29D /* SkillupPractice8Tests */ = {
			isa = PBXNativeTarget;
			buildConfigurationList = 9FF921DA1F2255C1003AC29D /* Build configuration list for PBXNativeTarget "SkillupPractice8Tests" */;
			buildPhases = (
				7665C6253F5FCCD32232562F /* [CP] Check Pods Manifest.lock */,
				9FF921BF1F2255C1003AC29D /* Sources */,
				9FF921C01F2255C1003AC29D /* Frameworks */,
				9FF921C11F2255C1003AC29D /* Resources */,
				E559DA77F2B19A785D051108 /* [CP] Embed Pods Frameworks */,
				0081F73A2C68C6921172403E /* [CP] Copy Pods Resources */,
			);
			buildRules = (
			);
			dependencies = (
				9FF921C51F2255C1003AC29D /* PBXTargetDependency */,
			);
			name = SkillupPractice8Tests;
			productName = SkillupPractice8Tests;
			productReference = 9FF921C31F2255C1003AC29D /* SkillupPractice8Tests.xctest */;
			productType = "com.apple.product-type.bundle.unit-test";
		};
		9FF921CD1F2255C1003AC29D /* SkillupPractice8UITests */ = {
			isa = PBXNativeTarget;
			buildConfigurationList = 9FF921DD1F2255C1003AC29D /* Build configuration list for PBXNativeTarget "SkillupPractice8UITests" */;
			buildPhases = (
				E2BA0786EB66A7E3C2C86E3E /* [CP] Check Pods Manifest.lock */,
				9FF921CA1F2255C1003AC29D /* Sources */,
				9FF921CB1F2255C1003AC29D /* Frameworks */,
				9FF921CC1F2255C1003AC29D /* Resources */,
				F1BB84D5344E4B0476227A8C /* [CP] Embed Pods Frameworks */,
				B69A97CA7E40CF809AF8C8BF /* [CP] Copy Pods Resources */,
			);
			buildRules = (
			);
			dependencies = (
				9FF921D01F2255C1003AC29D /* PBXTargetDependency */,
			);
			name = SkillupPractice8UITests;
			productName = SkillupPractice8UITests;
			productReference = 9FF921CE1F2255C1003AC29D /* SkillupPractice8UITests.xctest */;
			productType = "com.apple.product-type.bundle.ui-testing";
		};
/* End PBXNativeTarget section */

/* Begin PBXProject section */
		9FF921A71F2255C0003AC29D /* Project object */ = {
			isa = PBXProject;
			attributes = {
				LastSwiftUpdateCheck = 0830;
				LastUpgradeCheck = 0830;
				ORGANIZATIONNAME = k_moto;
				TargetAttributes = {
					9FF921AE1F2255C0003AC29D = {
						CreatedOnToolsVersion = 8.3.3;
						DevelopmentTeam = PCCZJUYRT6;
						ProvisioningStyle = Automatic;
					};
					9FF921C21F2255C1003AC29D = {
						CreatedOnToolsVersion = 8.3.3;
						DevelopmentTeam = PCCZJUYRT6;
						ProvisioningStyle = Automatic;
						TestTargetID = 9FF921AE1F2255C0003AC29D;
					};
					9FF921CD1F2255C1003AC29D = {
						CreatedOnToolsVersion = 8.3.3;
						DevelopmentTeam = PCCZJUYRT6;
						ProvisioningStyle = Automatic;
						TestTargetID = 9FF921AE1F2255C0003AC29D;
					};
				};
			};
			buildConfigurationList = 9FF921AA1F2255C0003AC29D /* Build configuration list for PBXProject "SkillupPractice8" */;
			compatibilityVersion = "Xcode 3.2";
			developmentRegion = English;
			hasScannedForEncodings = 0;
			knownRegions = (
				en,
				Base,
			);
			mainGroup = 9FF921A61F2255C0003AC29D;
			productRefGroup = 9FF921B01F2255C1003AC29D /* Products */;
			projectDirPath = "";
			projectRoot = "";
			targets = (
				9FF921AE1F2255C0003AC29D /* SkillupPractice8 */,
				9FF921C21F2255C1003AC29D /* SkillupPractice8Tests */,
				9FF921CD1F2255C1003AC29D /* SkillupPractice8UITests */,
			);
		};
/* End PBXProject section */

/* Begin PBXResourcesBuildPhase section */
		9FF921AD1F2255C0003AC29D /* Resources */ = {
			isa = PBXResourcesBuildPhase;
			buildActionMask = 2147483647;
			files = (
				9FF921BD1F2255C1003AC29D /* LaunchScreen.storyboard in Resources */,
				9FF921BA1F2255C1003AC29D /* Assets.xcassets in Resources */,
				9FF921E81F22A916003AC29D /* MessageList.storyboard in Resources */,
			);
			runOnlyForDeploymentPostprocessing = 0;
		};
		9FF921C11F2255C1003AC29D /* Resources */ = {
			isa = PBXResourcesBuildPhase;
			buildActionMask = 2147483647;
			files = (
			);
			runOnlyForDeploymentPostprocessing = 0;
		};
		9FF921CC1F2255C1003AC29D /* Resources */ = {
			isa = PBXResourcesBuildPhase;
			buildActionMask = 2147483647;
			files = (
			);
			runOnlyForDeploymentPostprocessing = 0;
		};
/* End PBXResourcesBuildPhase section */

/* Begin PBXShellScriptBuildPhase section */
		0081F73A2C68C6921172403E /* [CP] Copy Pods Resources */ = {
			isa = PBXShellScriptBuildPhase;
			buildActionMask = 2147483647;
			files = (
			);
			inputPaths = (
			);
			name = "[CP] Copy Pods Resources";
			outputPaths = (
			);
			runOnlyForDeploymentPostprocessing = 0;
			shellPath = /bin/sh;
			shellScript = "\"${SRCROOT}/Pods/Target Support Files/Pods-SkillupPractice8Tests/Pods-SkillupPractice8Tests-resources.sh\"\n";
			showEnvVarsInLog = 0;
		};
		0FF98EB761766F5849D9A7F4 /* [CP] Embed Pods Frameworks */ = {
			isa = PBXShellScriptBuildPhase;
			buildActionMask = 2147483647;
			files = (
			);
			inputPaths = (
			);
			name = "[CP] Embed Pods Frameworks";
			outputPaths = (
			);
			runOnlyForDeploymentPostprocessing = 0;
			shellPath = /bin/sh;
			shellScript = "\"${SRCROOT}/Pods/Target Support Files/Pods-SkillupPractice8/Pods-SkillupPractice8-frameworks.sh\"\n";
			showEnvVarsInLog = 0;
		};
		6C9C8A98A877365CDF652E03 /* [CP] Check Pods Manifest.lock */ = {
			isa = PBXShellScriptBuildPhase;
			buildActionMask = 2147483647;
			files = (
			);
			inputPaths = (
			);
			name = "[CP] Check Pods Manifest.lock";
			outputPaths = (
			);
			runOnlyForDeploymentPostprocessing = 0;
			shellPath = /bin/sh;
			shellScript = "diff \"${PODS_ROOT}/../Podfile.lock\" \"${PODS_ROOT}/Manifest.lock\" > /dev/null\nif [ $? != 0 ] ; then\n    # print error to STDERR\n    echo \"error: The sandbox is not in sync with the Podfile.lock. Run 'pod install' or update your CocoaPods installation.\" >&2\n    exit 1\nfi\n";
			showEnvVarsInLog = 0;
		};
		7665C6253F5FCCD32232562F /* [CP] Check Pods Manifest.lock */ = {
			isa = PBXShellScriptBuildPhase;
			buildActionMask = 2147483647;
			files = (
			);
			inputPaths = (
			);
			name = "[CP] Check Pods Manifest.lock";
			outputPaths = (
			);
			runOnlyForDeploymentPostprocessing = 0;
			shellPath = /bin/sh;
			shellScript = "diff \"${PODS_ROOT}/../Podfile.lock\" \"${PODS_ROOT}/Manifest.lock\" > /dev/null\nif [ $? != 0 ] ; then\n    # print error to STDERR\n    echo \"error: The sandbox is not in sync with the Podfile.lock. Run 'pod install' or update your CocoaPods installation.\" >&2\n    exit 1\nfi\n";
			showEnvVarsInLog = 0;
		};
		B3434E81BC4D38C93AFC7C69 /* [CP] Copy Pods Resources */ = {
			isa = PBXShellScriptBuildPhase;
			buildActionMask = 2147483647;
			files = (
			);
			inputPaths = (
			);
			name = "[CP] Copy Pods Resources";
			outputPaths = (
			);
			runOnlyForDeploymentPostprocessing = 0;
			shellPath = /bin/sh;
			shellScript = "\"${SRCROOT}/Pods/Target Support Files/Pods-SkillupPractice8/Pods-SkillupPractice8-resources.sh\"\n";
			showEnvVarsInLog = 0;
		};
		B69A97CA7E40CF809AF8C8BF /* [CP] Copy Pods Resources */ = {
			isa = PBXShellScriptBuildPhase;
			buildActionMask = 2147483647;
			files = (
			);
			inputPaths = (
			);
			name = "[CP] Copy Pods Resources";
			outputPaths = (
			);
			runOnlyForDeploymentPostprocessing = 0;
			shellPath = /bin/sh;
			shellScript = "\"${SRCROOT}/Pods/Target Support Files/Pods-SkillupPractice8UITests/Pods-SkillupPractice8UITests-resources.sh\"\n";
			showEnvVarsInLog = 0;
		};
		E2BA0786EB66A7E3C2C86E3E /* [CP] Check Pods Manifest.lock */ = {
			isa = PBXShellScriptBuildPhase;
			buildActionMask = 2147483647;
			files = (
			);
			inputPaths = (
			);
			name = "[CP] Check Pods Manifest.lock";
			outputPaths = (
			);
			runOnlyForDeploymentPostprocessing = 0;
			shellPath = /bin/sh;
			shellScript = "diff \"${PODS_ROOT}/../Podfile.lock\" \"${PODS_ROOT}/Manifest.lock\" > /dev/null\nif [ $? != 0 ] ; then\n    # print error to STDERR\n    echo \"error: The sandbox is not in sync with the Podfile.lock. Run 'pod install' or update your CocoaPods installation.\" >&2\n    exit 1\nfi\n";
			showEnvVarsInLog = 0;
		};
		E559DA77F2B19A785D051108 /* [CP] Embed Pods Frameworks */ = {
			isa = PBXShellScriptBuildPhase;
			buildActionMask = 2147483647;
			files = (
			);
			inputPaths = (
			);
			name = "[CP] Embed Pods Frameworks";
			outputPaths = (
			);
			runOnlyForDeploymentPostprocessing = 0;
			shellPath = /bin/sh;
			shellScript = "\"${SRCROOT}/Pods/Target Support Files/Pods-SkillupPractice8Tests/Pods-SkillupPractice8Tests-frameworks.sh\"\n";
			showEnvVarsInLog = 0;
		};
		F1BB84D5344E4B0476227A8C /* [CP] Embed Pods Frameworks */ = {
			isa = PBXShellScriptBuildPhase;
			buildActionMask = 2147483647;
			files = (
			);
			inputPaths = (
			);
			name = "[CP] Embed Pods Frameworks";
			outputPaths = (
			);
			runOnlyForDeploymentPostprocessing = 0;
			shellPath = /bin/sh;
			shellScript = "\"${SRCROOT}/Pods/Target Support Files/Pods-SkillupPractice8UITests/Pods-SkillupPractice8UITests-frameworks.sh\"\n";
			showEnvVarsInLog = 0;
		};
/* End PBXShellScriptBuildPhase section */

/* Begin PBXSourcesBuildPhase section */
		9FF921AB1F2255C0003AC29D /* Sources */ = {
			isa = PBXSourcesBuildPhase;
			buildActionMask = 2147483647;
			files = (
				9FF921F61F22C6A6003AC29D /* MessageListViewCell.swift in Sources */,
				9FF921F11F22AA38003AC29D /* MessageDAO.swift in Sources */,
				9FF921EA1F22A916003AC29D /* AppDelegate.swift in Sources */,
				9FF921EF1F22AA2D003AC29D /* MessageData.swift in Sources */,
				9FF921F81F22C6C4003AC29D /* MessageListDataSource.swift in Sources */,
				9FF921E91F22A916003AC29D /* MessageListViewController.swift in Sources */,
				9FF921F41F22AA85003AC29D /* RealmDaoHelper.swift in Sources */,
				9FF921FA1F22C950003AC29D /* MessageSectionData.swift in Sources */,
			);
			runOnlyForDeploymentPostprocessing = 0;
		};
		9FF921BF1F2255C1003AC29D /* Sources */ = {
			isa = PBXSourcesBuildPhase;
			buildActionMask = 2147483647;
			files = (
				9FF921C81F2255C1003AC29D /* SkillupPractice8Tests.swift in Sources */,
				9FF922001F22E0AC003AC29D /* MessageDataDAOTest.swift in Sources */,
				9FF922011F22E0AC003AC29D /* MessageDataTest.swift in Sources */,
			);
			runOnlyForDeploymentPostprocessing = 0;
		};
		9FF921CA1F2255C1003AC29D /* Sources */ = {
			isa = PBXSourcesBuildPhase;
			buildActionMask = 2147483647;
			files = (
				9FF921D31F2255C1003AC29D /* SkillupPractice8UITests.swift in Sources */,
			);
			runOnlyForDeploymentPostprocessing = 0;
		};
/* End PBXSourcesBuildPhase section */

/* Begin PBXTargetDependency section */
		9FF921C51F2255C1003AC29D /* PBXTargetDependency */ = {
			isa = PBXTargetDependency;
			target = 9FF921AE1F2255C0003AC29D /* SkillupPractice8 */;
			targetProxy = 9FF921C41F2255C1003AC29D /* PBXContainerItemProxy */;
		};
		9FF921D01F2255C1003AC29D /* PBXTargetDependency */ = {
			isa = PBXTargetDependency;
			target = 9FF921AE1F2255C0003AC29D /* SkillupPractice8 */;
			targetProxy = 9FF921CF1F2255C1003AC29D /* PBXContainerItemProxy */;
		};
/* End PBXTargetDependency section */

/* Begin PBXVariantGroup section */
		9FF921BB1F2255C1003AC29D /* LaunchScreen.storyboard */ = {
			isa = PBXVariantGroup;
			children = (
				9FF921BC1F2255C1003AC29D /* Base */,
			);
			name = LaunchScreen.storyboard;
			sourceTree = "<group>";
		};
/* End PBXVariantGroup section */

/* Begin XCBuildConfiguration section */
		9FF921D51F2255C1003AC29D /* Debug */ = {
			isa = XCBuildConfiguration;
			buildSettings = {
				ALWAYS_SEARCH_USER_PATHS = NO;
				CLANG_ANALYZER_NONNULL = YES;
				CLANG_ANALYZER_NUMBER_OBJECT_CONVERSION = YES_AGGRESSIVE;
				CLANG_CXX_LANGUAGE_STANDARD = "gnu++0x";
				CLANG_CXX_LIBRARY = "libc++";
				CLANG_ENABLE_MODULES = YES;
				CLANG_ENABLE_OBJC_ARC = YES;
				CLANG_WARN_BOOL_CONVERSION = YES;
				CLANG_WARN_CONSTANT_CONVERSION = YES;
				CLANG_WARN_DIRECT_OBJC_ISA_USAGE = YES_ERROR;
				CLANG_WARN_DOCUMENTATION_COMMENTS = YES;
				CLANG_WARN_EMPTY_BODY = YES;
				CLANG_WARN_ENUM_CONVERSION = YES;
				CLANG_WARN_INFINITE_RECURSION = YES;
				CLANG_WARN_INT_CONVERSION = YES;
				CLANG_WARN_OBJC_ROOT_CLASS = YES_ERROR;
				CLANG_WARN_SUSPICIOUS_MOVE = YES;
				CLANG_WARN_UNREACHABLE_CODE = YES;
				CLANG_WARN__DUPLICATE_METHOD_MATCH = YES;
				"CODE_SIGN_IDENTITY[sdk=iphoneos*]" = "iPhone Developer";
				COPY_PHASE_STRIP = NO;
				DEBUG_INFORMATION_FORMAT = dwarf;
				ENABLE_STRICT_OBJC_MSGSEND = YES;
				ENABLE_TESTABILITY = YES;
				GCC_C_LANGUAGE_STANDARD = gnu99;
				GCC_DYNAMIC_NO_PIC = NO;
				GCC_NO_COMMON_BLOCKS = YES;
				GCC_OPTIMIZATION_LEVEL = 0;
				GCC_PREPROCESSOR_DEFINITIONS = (
					"DEBUG=1",
					"$(inherited)",
				);
				GCC_WARN_64_TO_32_BIT_CONVERSION = YES;
				GCC_WARN_ABOUT_RETURN_TYPE = YES_ERROR;
				GCC_WARN_UNDECLARED_SELECTOR = YES;
				GCC_WARN_UNINITIALIZED_AUTOS = YES_AGGRESSIVE;
				GCC_WARN_UNUSED_FUNCTION = YES;
				GCC_WARN_UNUSED_VARIABLE = YES;
				IPHONEOS_DEPLOYMENT_TARGET = 10.3;
				MTL_ENABLE_DEBUG_INFO = YES;
				ONLY_ACTIVE_ARCH = YES;
				SDKROOT = iphoneos;
				SWIFT_ACTIVE_COMPILATION_CONDITIONS = DEBUG;
				SWIFT_OPTIMIZATION_LEVEL = "-Onone";
			};
			name = Debug;
		};
		9FF921D61F2255C1003AC29D /* Release */ = {
			isa = XCBuildConfiguration;
			buildSettings = {
				ALWAYS_SEARCH_USER_PATHS = NO;
				CLANG_ANALYZER_NONNULL = YES;
				CLANG_ANALYZER_NUMBER_OBJECT_CONVERSION = YES_AGGRESSIVE;
				CLANG_CXX_LANGUAGE_STANDARD = "gnu++0x";
				CLANG_CXX_LIBRARY = "libc++";
				CLANG_ENABLE_MODULES = YES;
				CLANG_ENABLE_OBJC_ARC = YES;
				CLANG_WARN_BOOL_CONVERSION = YES;
				CLANG_WARN_CONSTANT_CONVERSION = YES;
				CLANG_WARN_DIRECT_OBJC_ISA_USAGE = YES_ERROR;
				CLANG_WARN_DOCUMENTATION_COMMENTS = YES;
				CLANG_WARN_EMPTY_BODY = YES;
				CLANG_WARN_ENUM_CONVERSION = YES;
				CLANG_WARN_INFINITE_RECURSION = YES;
				CLANG_WARN_INT_CONVERSION = YES;
				CLANG_WARN_OBJC_ROOT_CLASS = YES_ERROR;
				CLANG_WARN_SUSPICIOUS_MOVE = YES;
				CLANG_WARN_UNREACHABLE_CODE = YES;
				CLANG_WARN__DUPLICATE_METHOD_MATCH = YES;
				"CODE_SIGN_IDENTITY[sdk=iphoneos*]" = "iPhone Developer";
				COPY_PHASE_STRIP = NO;
				DEBUG_INFORMATION_FORMAT = "dwarf-with-dsym";
				ENABLE_NS_ASSERTIONS = NO;
				ENABLE_STRICT_OBJC_MSGSEND = YES;
				GCC_C_LANGUAGE_STANDARD = gnu99;
				GCC_NO_COMMON_BLOCKS = YES;
				GCC_WARN_64_TO_32_BIT_CONVERSION = YES;
				GCC_WARN_ABOUT_RETURN_TYPE = YES_ERROR;
				GCC_WARN_UNDECLARED_SELECTOR = YES;
				GCC_WARN_UNINITIALIZED_AUTOS = YES_AGGRESSIVE;
				GCC_WARN_UNUSED_FUNCTION = YES;
				GCC_WARN_UNUSED_VARIABLE = YES;
				IPHONEOS_DEPLOYMENT_TARGET = 10.3;
				MTL_ENABLE_DEBUG_INFO = NO;
				SDKROOT = iphoneos;
				SWIFT_OPTIMIZATION_LEVEL = "-Owholemodule";
				VALIDATE_PRODUCT = YES;
			};
			name = Release;
		};
		9FF921D81F2255C1003AC29D /* Debug */ = {
			isa = XCBuildConfiguration;
			baseConfigurationReference = E7AD122A326EB02F65BA9AFF /* Pods-SkillupPractice8.debug.xcconfig */;
			buildSettings = {
				ASSETCATALOG_COMPILER_APPICON_NAME = AppIcon;
				DEVELOPMENT_TEAM = PCCZJUYRT6;
				INFOPLIST_FILE = SkillupPractice8/Info.plist;
				IPHONEOS_DEPLOYMENT_TARGET = 10.3;
				LD_RUNPATH_SEARCH_PATHS = "$(inherited) @executable_path/Frameworks";
				PRODUCT_BUNDLE_IDENTIFIER = "jp.st-ventures.SkillupPractice8";
				PRODUCT_NAME = "$(TARGET_NAME)";
				SWIFT_VERSION = 3.0;
			};
			name = Debug;
		};
		9FF921D91F2255C1003AC29D /* Release */ = {
			isa = XCBuildConfiguration;
			baseConfigurationReference = 5D1DDF7129A17CB59CA1EA5F /* Pods-SkillupPractice8.release.xcconfig */;
			buildSettings = {
				ASSETCATALOG_COMPILER_APPICON_NAME = AppIcon;
				DEVELOPMENT_TEAM = PCCZJUYRT6;
				INFOPLIST_FILE = SkillupPractice8/Info.plist;
				IPHONEOS_DEPLOYMENT_TARGET = 10.3;
				LD_RUNPATH_SEARCH_PATHS = "$(inherited) @executable_path/Frameworks";
				PRODUCT_BUNDLE_IDENTIFIER = "jp.st-ventures.SkillupPractice8";
				PRODUCT_NAME = "$(TARGET_NAME)";
				SWIFT_VERSION = 3.0;
			};
			name = Release;
		};
		9FF921DB1F2255C1003AC29D /* Debug */ = {
			isa = XCBuildConfiguration;
			baseConfigurationReference = AC12E82BE11F92F08056C2E3 /* Pods-SkillupPractice8Tests.debug.xcconfig */;
			buildSettings = {
				ALWAYS_EMBED_SWIFT_STANDARD_LIBRARIES = YES;
				BUNDLE_LOADER = "$(TEST_HOST)";
				DEVELOPMENT_TEAM = PCCZJUYRT6;
				INFOPLIST_FILE = SkillupPractice8Tests/Info.plist;
				LD_RUNPATH_SEARCH_PATHS = "$(inherited) @executable_path/Frameworks @loader_path/Frameworks";
				PRODUCT_BUNDLE_IDENTIFIER = "jp.st-ventures.SkillupPractice8Tests";
				PRODUCT_NAME = "$(TARGET_NAME)";
				SWIFT_VERSION = 3.0;
				TEST_HOST = "$(BUILT_PRODUCTS_DIR)/SkillupPractice8.app/SkillupPractice8";
			};
			name = Debug;
		};
		9FF921DC1F2255C1003AC29D /* Release */ = {
			isa = XCBuildConfiguration;
			baseConfigurationReference = D2DA5E40E36633F85E0F1122 /* Pods-SkillupPractice8Tests.release.xcconfig */;
			buildSettings = {
				ALWAYS_EMBED_SWIFT_STANDARD_LIBRARIES = YES;
				BUNDLE_LOADER = "$(TEST_HOST)";
				DEVELOPMENT_TEAM = PCCZJUYRT6;
				INFOPLIST_FILE = SkillupPractice8Tests/Info.plist;
				LD_RUNPATH_SEARCH_PATHS = "$(inherited) @executable_path/Frameworks @loader_path/Frameworks";
				PRODUCT_BUNDLE_IDENTIFIER = "jp.st-ventures.SkillupPractice8Tests";
				PRODUCT_NAME = "$(TARGET_NAME)";
				SWIFT_VERSION = 3.0;
				TEST_HOST = "$(BUILT_PRODUCTS_DIR)/SkillupPractice8.app/SkillupPractice8";
			};
			name = Release;
		};
		9FF921DE1F2255C1003AC29D /* Debug */ = {
			isa = XCBuildConfiguration;
			baseConfigurationReference = 8705D4FAB825F62CD11A4706 /* Pods-SkillupPractice8UITests.debug.xcconfig */;
			buildSettings = {
				ALWAYS_EMBED_SWIFT_STANDARD_LIBRARIES = YES;
				DEVELOPMENT_TEAM = PCCZJUYRT6;
				INFOPLIST_FILE = SkillupPractice8UITests/Info.plist;
				LD_RUNPATH_SEARCH_PATHS = "$(inherited) @executable_path/Frameworks @loader_path/Frameworks";
				PRODUCT_BUNDLE_IDENTIFIER = "jp.st-ventures.SkillupPractice8UITests";
				PRODUCT_NAME = "$(TARGET_NAME)";
				SWIFT_VERSION = 3.0;
				TEST_TARGET_NAME = SkillupPractice8;
			};
			name = Debug;
		};
		9FF921DF1F2255C1003AC29D /* Release */ = {
			isa = XCBuildConfiguration;
			baseConfigurationReference = C91781529C18BE5FB04FB4E0 /* Pods-SkillupPractice8UITests.release.xcconfig */;
			buildSettings = {
				ALWAYS_EMBED_SWIFT_STANDARD_LIBRARIES = YES;
				DEVELOPMENT_TEAM = PCCZJUYRT6;
				INFOPLIST_FILE = SkillupPractice8UITests/Info.plist;
				LD_RUNPATH_SEARCH_PATHS = "$(inherited) @executable_path/Frameworks @loader_path/Frameworks";
				PRODUCT_BUNDLE_IDENTIFIER = "jp.st-ventures.SkillupPractice8UITests";
				PRODUCT_NAME = "$(TARGET_NAME)";
				SWIFT_VERSION = 3.0;
				TEST_TARGET_NAME = SkillupPractice8;
			};
			name = Release;
		};
/* End XCBuildConfiguration section */

/* Begin XCConfigurationList section */
		9FF921AA1F2255C0003AC29D /* Build configuration list for PBXProject "SkillupPractice8" */ = {
			isa = XCConfigurationList;
			buildConfigurations = (
				9FF921D51F2255C1003AC29D /* Debug */,
				9FF921D61F2255C1003AC29D /* Release */,
			);
			defaultConfigurationIsVisible = 0;
			defaultConfigurationName = Release;
		};
		9FF921D71F2255C1003AC29D /* Build configuration list for PBXNativeTarget "SkillupPractice8" */ = {
			isa = XCConfigurationList;
			buildConfigurations = (
				9FF921D81F2255C1003AC29D /* Debug */,
				9FF921D91F2255C1003AC29D /* Release */,
			);
			defaultConfigurationIsVisible = 0;
			defaultConfigurationName = Release;
		};
		9FF921DA1F2255C1003AC29D /* Build configuration list for PBXNativeTarget "SkillupPractice8Tests" */ = {
			isa = XCConfigurationList;
			buildConfigurations = (
				9FF921DB1F2255C1003AC29D /* Debug */,
				9FF921DC1F2255C1003AC29D /* Release */,
			);
			defaultConfigurationIsVisible = 0;
			defaultConfigurationName = Release;
		};
		9FF921DD1F2255C1003AC29D /* Build configuration list for PBXNativeTarget "SkillupPractice8UITests" */ = {
			isa = XCConfigurationList;
			buildConfigurations = (
				9FF921DE1F2255C1003AC29D /* Debug */,
				9FF921DF1F2255C1003AC29D /* Release */,
			);
			defaultConfigurationIsVisible = 0;
			defaultConfigurationName = Release;
		};
/* End XCConfigurationList section */
	};
	rootObject = 9FF921A71F2255C0003AC29D /* Project object */;
}
